
Microsoft Visual Studio Solution File, Format Version 12.00
# Visual Studio Version 16
VisualStudioVersion = 16.0.30114.105
MinimumVisualStudioVersion = 10.0.40219.1
Project("{9A19103F-16F7-4668-BE54-9A1E7A4F7556}") = "DNI.Shared", "DNI.Shared\DNI.Shared.csproj", "{62A6D185-49C1-47E1-A4DA-993052B668E4}"
EndProject
Project("{9A19103F-16F7-4668-BE54-9A1E7A4F7556}") = "DNI.Core", "DNI.Core\DNI.Core.csproj", "{A496328B-15E5-443C-9A80-24899D9AC65D}"
EndProject
Project("{9A19103F-16F7-4668-BE54-9A1E7A4F7556}") = "DNI.Extensions", "DNI.Extensions\DNI.Extensions.csproj", "{F25B9458-D25A-4A6C-9801-C0E8CD346D55}"
EndProject
Project("{2150E333-8FDC-42A3-9474-1A3956D46DE8}") = "Extensions", "Extensions", "{52BA5A1C-D934-418B-9FDE-6FC1BC20E93D}"
EndProject
Project("{2150E333-8FDC-42A3-9474-1A3956D46DE8}") = "MigrationManager", "MigrationManager", "{1BEAE47E-B907-488E-BC9B-E5AC7E4196D6}"
EndProject
Project("{9A19103F-16F7-4668-BE54-9A1E7A4F7556}") = "DNI.MigrationManager.Core", "Extensions\MigrationManager\DNI.MigrationManager.Core\DNI.MigrationManager.Core.csproj", "{5AF1DEF0-D750-4468-B87C-28DB62AD9D60}"
EndProject
Project("{9A19103F-16F7-4668-BE54-9A1E7A4F7556}") = "DNI.MigrationManager.Shared", "Extensions\MigrationManager\DNI.MigrationManager.Shared\DNI.MigrationManager.Shared.csproj", "{D612D05C-B3E4-4BE2-A711-2684883C2E4B}"
EndProject
Project("{9A19103F-16F7-4668-BE54-9A1E7A4F7556}") = "DNI.MigrationManager.Extensions", "Extensions\MigrationManager\DNI.MigrationManager.Extensions\DNI.MigrationManager.Extensions.csproj", "{191443C0-E4E9-4208-8AFD-D5A8AC144180}"
EndProject
Project("{2150E333-8FDC-42A3-9474-1A3956D46DE8}") = "Modules", "Modules", "{62DE38A8-F4BA-4003-A78C-D1B36B7973EF}"
EndProject
Project("{9A19103F-16F7-4668-BE54-9A1E7A4F7556}") = "DNI.Modules.Shared", "Extensions\Modules\DNI.Modules.Shared\DNI.Modules.Shared.csproj", "{45B18E95-EB7F-48DA-AF46-CC5AD12D7E75}"
EndProject
Project("{9A19103F-16F7-4668-BE54-9A1E7A4F7556}") = "DNI.Modules.Core", "Extensions\Modules\DNI.Modules.Core\DNI.Modules.Core.csproj", "{DFF05083-09B4-4894-A7D2-DD23AD1ECDC9}"
EndProject
Project("{9A19103F-16F7-4668-BE54-9A1E7A4F7556}") = "DNI.Modules.Extensions", "Extensions\Modules\DNI.Modules.Extensions\DNI.Modules.Extensions.csproj", "{5DC621BC-D1E7-4034-9297-EA2DA23EA208}"
EndProject
Project("{9A19103F-16F7-4668-BE54-9A1E7A4F7556}") = "DNI.MigrationManager.Modules", "Extensions\MigrationManager\DNI.MigrationManager.Modules\DNI.MigrationManager.Modules.csproj", "{09E79197-DFFC-4788-8756-79831DD30A1C}"
EndProject
Project("{2150E333-8FDC-42A3-9474-1A3956D46DE8}") = "DNI.Tests", "DNI.Tests", "{2BE15209-A9D0-463B-A1EF-0FA4E78056A0}"
EndProject
Project("{9A19103F-16F7-4668-BE54-9A1E7A4F7556}") = "DNI.Test.App", "DNI.Tests\DNI.Test.App\DNI.Test.App.csproj", "{B0FDF469-2829-4E62-9CC0-7C973000077D}"
EndProject
Project("{2150E333-8FDC-42A3-9474-1A3956D46DE8}") = "Shared", "Shared", "{E36DF945-FCDE-4D35-B071-F2DDEDBFADB0}"
EndProject
Project("{2150E333-8FDC-42A3-9474-1A3956D46DE8}") = "Data", "Data", "{7B59F877-F943-428D-816E-463A6395D9CD}"
EndProject
Project("{9A19103F-16F7-4668-BE54-9A1E7A4F7556}") = "DNI.Data.Shared", "Extensions\Data\DNI.Data.Shared\DNI.Data.Shared.csproj", "{A40A950F-B336-4BA3-81EC-92ECD41915C1}"
EndProject
Project("{9A19103F-16F7-4668-BE54-9A1E7A4F7556}") = "DNI.Data.Core", "Extensions\Data\DNI.Data.Core\DNI.Data.Core.csproj", "{FAA574CA-725D-47A3-A16F-BB7A57B9777D}"
EndProject
Project("{9A19103F-16F7-4668-BE54-9A1E7A4F7556}") = "DNI.Data.Extensions", "Extensions\Data\DNI.Data.Extensions\DNI.Data.Extensions.csproj", "{75773DD7-B0D3-4717-A329-80FED74D9542}"
EndProject
Project("{9A19103F-16F7-4668-BE54-9A1E7A4F7556}") = "DNI.Data.Modules", "Extensions\Data\DNI.Data.Modules\DNI.Data.Modules.csproj", "{CE94EADE-9BF1-4856-85EA-8FBEF66626E8}"
EndProject
Project("{2150E333-8FDC-42A3-9474-1A3956D46DE8}") = "Mediator", "Mediator", "{1E065F77-2DB9-4870-AF45-D0263A189EF8}"
EndProject
Project("{9A19103F-16F7-4668-BE54-9A1E7A4F7556}") = "DNI.Mediator.Extensions", "Extensions\Mediator\DNI.Mediator.Extensions\DNI.Mediator.Extensions.csproj", "{90B392D2-861F-4EB7-BCEE-D570919BBCEE}"
EndProject
Project("{9A19103F-16F7-4668-BE54-9A1E7A4F7556}") = "DNI.Mediator.Core", "Extensions\Mediator\DNI.Mediator.Core\DNI.Mediator.Core.csproj", "{904571FA-A192-467E-A74A-F1F6C9AAECAE}"
EndProject
Project("{9A19103F-16F7-4668-BE54-9A1E7A4F7556}") = "DNI.Mediator.Modules", "Extensions\Mediator\DNI.Mediator.Modules\DNI.Mediator.Modules.csproj", "{BA0C1EC7-B20B-4DBE-892D-CCC05CD8D91E}"
EndProject
Project("{9A19103F-16F7-4668-BE54-9A1E7A4F7556}") = "DNI.Mediator.Shared", "Extensions\Mediator\DNI.Mediator.Shared\DNI.Mediator.Shared.csproj", "{3F8D8F2E-5076-45A1-A584-B4CBC5AFC687}"
EndProject
Project("{2150E333-8FDC-42A3-9474-1A3956D46DE8}") = "Web", "Web", "{9EB09F04-84CF-48C3-AAB1-87D50CD175C2}"
EndProject
Project("{9A19103F-16F7-4668-BE54-9A1E7A4F7556}") = "DNI.Web.Core", "Extensions\Web\DNI.Web.Core\DNI.Web.Core.csproj", "{EAE0E503-449D-49FE-88D6-A17909CE1D41}"
EndProject
Project("{9A19103F-16F7-4668-BE54-9A1E7A4F7556}") = "DNI.Web.Extensions", "Extensions\Web\DNI.Web.Extensions\DNI.Web.Extensions.csproj", "{1CE35BDE-8681-45CF-B748-5F4163BA8BC5}"
EndProject
Project("{9A19103F-16F7-4668-BE54-9A1E7A4F7556}") = "DNI.Web.Modules", "Extensions\Web\DNI.Web.Modules\DNI.Web.Modules.csproj", "{CEE8A1EF-14AE-44C4-9F51-B12203052315}"
EndProject
Project("{9A19103F-16F7-4668-BE54-9A1E7A4F7556}") = "DNI.Web.Shared", "Extensions\Web\DNI.Web.Shared\DNI.Web.Shared.csproj", "{53D27825-44C8-4A17-9ED1-C07F48DD7205}"
EndProject
Project("{2150E333-8FDC-42A3-9474-1A3956D46DE8}") = "Solution Items", "Solution Items", "{578217AE-BB3C-4EBB-96D3-9C43B2156F03}"
	ProjectSection(SolutionItems) = preProject
		Directory.Build.props = Directory.Build.props
	EndProjectSection
EndProject
Global
	GlobalSection(SolutionConfigurationPlatforms) = preSolution
		Debug|Any CPU = Debug|Any CPU
		Debug|x64 = Debug|x64
		Debug|x86 = Debug|x86
		Release|Any CPU = Release|Any CPU
		Release|x64 = Release|x64
		Release|x86 = Release|x86
	EndGlobalSection
	GlobalSection(ProjectConfigurationPlatforms) = postSolution
		{62A6D185-49C1-47E1-A4DA-993052B668E4}.Debug|Any CPU.ActiveCfg = Debug|Any CPU
		{62A6D185-49C1-47E1-A4DA-993052B668E4}.Debug|Any CPU.Build.0 = Debug|Any CPU
		{62A6D185-49C1-47E1-A4DA-993052B668E4}.Debug|x64.ActiveCfg = Debug|Any CPU
		{62A6D185-49C1-47E1-A4DA-993052B668E4}.Debug|x64.Build.0 = Debug|Any CPU
		{62A6D185-49C1-47E1-A4DA-993052B668E4}.Debug|x86.ActiveCfg = Debug|Any CPU
		{62A6D185-49C1-47E1-A4DA-993052B668E4}.Debug|x86.Build.0 = Debug|Any CPU
		{62A6D185-49C1-47E1-A4DA-993052B668E4}.Release|Any CPU.ActiveCfg = Release|Any CPU
		{62A6D185-49C1-47E1-A4DA-993052B668E4}.Release|Any CPU.Build.0 = Release|Any CPU
		{62A6D185-49C1-47E1-A4DA-993052B668E4}.Release|x64.ActiveCfg = Release|Any CPU
		{62A6D185-49C1-47E1-A4DA-993052B668E4}.Release|x64.Build.0 = Release|Any CPU
		{62A6D185-49C1-47E1-A4DA-993052B668E4}.Release|x86.ActiveCfg = Release|Any CPU
		{62A6D185-49C1-47E1-A4DA-993052B668E4}.Release|x86.Build.0 = Release|Any CPU
		{A496328B-15E5-443C-9A80-24899D9AC65D}.Debug|Any CPU.ActiveCfg = Debug|Any CPU
		{A496328B-15E5-443C-9A80-24899D9AC65D}.Debug|Any CPU.Build.0 = Debug|Any CPU
		{A496328B-15E5-443C-9A80-24899D9AC65D}.Debug|x64.ActiveCfg = Debug|Any CPU
		{A496328B-15E5-443C-9A80-24899D9AC65D}.Debug|x64.Build.0 = Debug|Any CPU
		{A496328B-15E5-443C-9A80-24899D9AC65D}.Debug|x86.ActiveCfg = Debug|Any CPU
		{A496328B-15E5-443C-9A80-24899D9AC65D}.Debug|x86.Build.0 = Debug|Any CPU
		{A496328B-15E5-443C-9A80-24899D9AC65D}.Release|Any CPU.ActiveCfg = Release|Any CPU
		{A496328B-15E5-443C-9A80-24899D9AC65D}.Release|Any CPU.Build.0 = Release|Any CPU
		{A496328B-15E5-443C-9A80-24899D9AC65D}.Release|x64.ActiveCfg = Release|Any CPU
		{A496328B-15E5-443C-9A80-24899D9AC65D}.Release|x64.Build.0 = Release|Any CPU
		{A496328B-15E5-443C-9A80-24899D9AC65D}.Release|x86.ActiveCfg = Release|Any CPU
		{A496328B-15E5-443C-9A80-24899D9AC65D}.Release|x86.Build.0 = Release|Any CPU
		{F25B9458-D25A-4A6C-9801-C0E8CD346D55}.Debug|Any CPU.ActiveCfg = Debug|Any CPU
		{F25B9458-D25A-4A6C-9801-C0E8CD346D55}.Debug|Any CPU.Build.0 = Debug|Any CPU
		{F25B9458-D25A-4A6C-9801-C0E8CD346D55}.Debug|x64.ActiveCfg = Debug|Any CPU
		{F25B9458-D25A-4A6C-9801-C0E8CD346D55}.Debug|x64.Build.0 = Debug|Any CPU
		{F25B9458-D25A-4A6C-9801-C0E8CD346D55}.Debug|x86.ActiveCfg = Debug|Any CPU
		{F25B9458-D25A-4A6C-9801-C0E8CD346D55}.Debug|x86.Build.0 = Debug|Any CPU
		{F25B9458-D25A-4A6C-9801-C0E8CD346D55}.Release|Any CPU.ActiveCfg = Release|Any CPU
		{F25B9458-D25A-4A6C-9801-C0E8CD346D55}.Release|Any CPU.Build.0 = Release|Any CPU
		{F25B9458-D25A-4A6C-9801-C0E8CD346D55}.Release|x64.ActiveCfg = Release|Any CPU
		{F25B9458-D25A-4A6C-9801-C0E8CD346D55}.Release|x64.Build.0 = Release|Any CPU
		{F25B9458-D25A-4A6C-9801-C0E8CD346D55}.Release|x86.ActiveCfg = Release|Any CPU
		{F25B9458-D25A-4A6C-9801-C0E8CD346D55}.Release|x86.Build.0 = Release|Any CPU
		{5AF1DEF0-D750-4468-B87C-28DB62AD9D60}.Debug|Any CPU.ActiveCfg = Debug|Any CPU
		{5AF1DEF0-D750-4468-B87C-28DB62AD9D60}.Debug|Any CPU.Build.0 = Debug|Any CPU
		{5AF1DEF0-D750-4468-B87C-28DB62AD9D60}.Debug|x64.ActiveCfg = Debug|Any CPU
		{5AF1DEF0-D750-4468-B87C-28DB62AD9D60}.Debug|x64.Build.0 = Debug|Any CPU
		{5AF1DEF0-D750-4468-B87C-28DB62AD9D60}.Debug|x86.ActiveCfg = Debug|Any CPU
		{5AF1DEF0-D750-4468-B87C-28DB62AD9D60}.Debug|x86.Build.0 = Debug|Any CPU
		{5AF1DEF0-D750-4468-B87C-28DB62AD9D60}.Release|Any CPU.ActiveCfg = Release|Any CPU
		{5AF1DEF0-D750-4468-B87C-28DB62AD9D60}.Release|Any CPU.Build.0 = Release|Any CPU
		{5AF1DEF0-D750-4468-B87C-28DB62AD9D60}.Release|x64.ActiveCfg = Release|Any CPU
		{5AF1DEF0-D750-4468-B87C-28DB62AD9D60}.Release|x64.Build.0 = Release|Any CPU
		{5AF1DEF0-D750-4468-B87C-28DB62AD9D60}.Release|x86.ActiveCfg = Release|Any CPU
		{5AF1DEF0-D750-4468-B87C-28DB62AD9D60}.Release|x86.Build.0 = Release|Any CPU
		{D612D05C-B3E4-4BE2-A711-2684883C2E4B}.Debug|Any CPU.ActiveCfg = Debug|Any CPU
		{D612D05C-B3E4-4BE2-A711-2684883C2E4B}.Debug|Any CPU.Build.0 = Debug|Any CPU
		{D612D05C-B3E4-4BE2-A711-2684883C2E4B}.Debug|x64.ActiveCfg = Debug|Any CPU
		{D612D05C-B3E4-4BE2-A711-2684883C2E4B}.Debug|x64.Build.0 = Debug|Any CPU
		{D612D05C-B3E4-4BE2-A711-2684883C2E4B}.Debug|x86.ActiveCfg = Debug|Any CPU
		{D612D05C-B3E4-4BE2-A711-2684883C2E4B}.Debug|x86.Build.0 = Debug|Any CPU
		{D612D05C-B3E4-4BE2-A711-2684883C2E4B}.Release|Any CPU.ActiveCfg = Release|Any CPU
		{D612D05C-B3E4-4BE2-A711-2684883C2E4B}.Release|Any CPU.Build.0 = Release|Any CPU
		{D612D05C-B3E4-4BE2-A711-2684883C2E4B}.Release|x64.ActiveCfg = Release|Any CPU
		{D612D05C-B3E4-4BE2-A711-2684883C2E4B}.Release|x64.Build.0 = Release|Any CPU
		{D612D05C-B3E4-4BE2-A711-2684883C2E4B}.Release|x86.ActiveCfg = Release|Any CPU
		{D612D05C-B3E4-4BE2-A711-2684883C2E4B}.Release|x86.Build.0 = Release|Any CPU
		{191443C0-E4E9-4208-8AFD-D5A8AC144180}.Debug|Any CPU.ActiveCfg = Debug|Any CPU
		{191443C0-E4E9-4208-8AFD-D5A8AC144180}.Debug|Any CPU.Build.0 = Debug|Any CPU
		{191443C0-E4E9-4208-8AFD-D5A8AC144180}.Debug|x64.ActiveCfg = Debug|Any CPU
		{191443C0-E4E9-4208-8AFD-D5A8AC144180}.Debug|x64.Build.0 = Debug|Any CPU
		{191443C0-E4E9-4208-8AFD-D5A8AC144180}.Debug|x86.ActiveCfg = Debug|Any CPU
		{191443C0-E4E9-4208-8AFD-D5A8AC144180}.Debug|x86.Build.0 = Debug|Any CPU
		{191443C0-E4E9-4208-8AFD-D5A8AC144180}.Release|Any CPU.ActiveCfg = Release|Any CPU
		{191443C0-E4E9-4208-8AFD-D5A8AC144180}.Release|Any CPU.Build.0 = Release|Any CPU
		{191443C0-E4E9-4208-8AFD-D5A8AC144180}.Release|x64.ActiveCfg = Release|Any CPU
		{191443C0-E4E9-4208-8AFD-D5A8AC144180}.Release|x64.Build.0 = Release|Any CPU
		{191443C0-E4E9-4208-8AFD-D5A8AC144180}.Release|x86.ActiveCfg = Release|Any CPU
		{191443C0-E4E9-4208-8AFD-D5A8AC144180}.Release|x86.Build.0 = Release|Any CPU
		{45B18E95-EB7F-48DA-AF46-CC5AD12D7E75}.Debug|Any CPU.ActiveCfg = Debug|Any CPU
		{45B18E95-EB7F-48DA-AF46-CC5AD12D7E75}.Debug|Any CPU.Build.0 = Debug|Any CPU
		{45B18E95-EB7F-48DA-AF46-CC5AD12D7E75}.Debug|x64.ActiveCfg = Debug|Any CPU
		{45B18E95-EB7F-48DA-AF46-CC5AD12D7E75}.Debug|x64.Build.0 = Debug|Any CPU
		{45B18E95-EB7F-48DA-AF46-CC5AD12D7E75}.Debug|x86.ActiveCfg = Debug|Any CPU
		{45B18E95-EB7F-48DA-AF46-CC5AD12D7E75}.Debug|x86.Build.0 = Debug|Any CPU
		{45B18E95-EB7F-48DA-AF46-CC5AD12D7E75}.Release|Any CPU.ActiveCfg = Release|Any CPU
		{45B18E95-EB7F-48DA-AF46-CC5AD12D7E75}.Release|Any CPU.Build.0 = Release|Any CPU
		{45B18E95-EB7F-48DA-AF46-CC5AD12D7E75}.Release|x64.ActiveCfg = Release|Any CPU
		{45B18E95-EB7F-48DA-AF46-CC5AD12D7E75}.Release|x64.Build.0 = Release|Any CPU
		{45B18E95-EB7F-48DA-AF46-CC5AD12D7E75}.Release|x86.ActiveCfg = Release|Any CPU
		{45B18E95-EB7F-48DA-AF46-CC5AD12D7E75}.Release|x86.Build.0 = Release|Any CPU
		{DFF05083-09B4-4894-A7D2-DD23AD1ECDC9}.Debug|Any CPU.ActiveCfg = Debug|Any CPU
		{DFF05083-09B4-4894-A7D2-DD23AD1ECDC9}.Debug|Any CPU.Build.0 = Debug|Any CPU
		{DFF05083-09B4-4894-A7D2-DD23AD1ECDC9}.Debug|x64.ActiveCfg = Debug|Any CPU
		{DFF05083-09B4-4894-A7D2-DD23AD1ECDC9}.Debug|x64.Build.0 = Debug|Any CPU
		{DFF05083-09B4-4894-A7D2-DD23AD1ECDC9}.Debug|x86.ActiveCfg = Debug|Any CPU
		{DFF05083-09B4-4894-A7D2-DD23AD1ECDC9}.Debug|x86.Build.0 = Debug|Any CPU
		{DFF05083-09B4-4894-A7D2-DD23AD1ECDC9}.Release|Any CPU.ActiveCfg = Release|Any CPU
		{DFF05083-09B4-4894-A7D2-DD23AD1ECDC9}.Release|Any CPU.Build.0 = Release|Any CPU
		{DFF05083-09B4-4894-A7D2-DD23AD1ECDC9}.Release|x64.ActiveCfg = Release|Any CPU
		{DFF05083-09B4-4894-A7D2-DD23AD1ECDC9}.Release|x64.Build.0 = Release|Any CPU
		{DFF05083-09B4-4894-A7D2-DD23AD1ECDC9}.Release|x86.ActiveCfg = Release|Any CPU
		{DFF05083-09B4-4894-A7D2-DD23AD1ECDC9}.Release|x86.Build.0 = Release|Any CPU
		{5DC621BC-D1E7-4034-9297-EA2DA23EA208}.Debug|Any CPU.ActiveCfg = Debug|Any CPU
		{5DC621BC-D1E7-4034-9297-EA2DA23EA208}.Debug|Any CPU.Build.0 = Debug|Any CPU
		{5DC621BC-D1E7-4034-9297-EA2DA23EA208}.Debug|x64.ActiveCfg = Debug|Any CPU
		{5DC621BC-D1E7-4034-9297-EA2DA23EA208}.Debug|x64.Build.0 = Debug|Any CPU
		{5DC621BC-D1E7-4034-9297-EA2DA23EA208}.Debug|x86.ActiveCfg = Debug|Any CPU
		{5DC621BC-D1E7-4034-9297-EA2DA23EA208}.Debug|x86.Build.0 = Debug|Any CPU
		{5DC621BC-D1E7-4034-9297-EA2DA23EA208}.Release|Any CPU.ActiveCfg = Release|Any CPU
		{5DC621BC-D1E7-4034-9297-EA2DA23EA208}.Release|Any CPU.Build.0 = Release|Any CPU
		{5DC621BC-D1E7-4034-9297-EA2DA23EA208}.Release|x64.ActiveCfg = Release|Any CPU
		{5DC621BC-D1E7-4034-9297-EA2DA23EA208}.Release|x64.Build.0 = Release|Any CPU
		{5DC621BC-D1E7-4034-9297-EA2DA23EA208}.Release|x86.ActiveCfg = Release|Any CPU
		{5DC621BC-D1E7-4034-9297-EA2DA23EA208}.Release|x86.Build.0 = Release|Any CPU
		{09E79197-DFFC-4788-8756-79831DD30A1C}.Debug|Any CPU.ActiveCfg = Debug|Any CPU
		{09E79197-DFFC-4788-8756-79831DD30A1C}.Debug|Any CPU.Build.0 = Debug|Any CPU
		{09E79197-DFFC-4788-8756-79831DD30A1C}.Debug|x64.ActiveCfg = Debug|Any CPU
		{09E79197-DFFC-4788-8756-79831DD30A1C}.Debug|x64.Build.0 = Debug|Any CPU
		{09E79197-DFFC-4788-8756-79831DD30A1C}.Debug|x86.ActiveCfg = Debug|Any CPU
		{09E79197-DFFC-4788-8756-79831DD30A1C}.Debug|x86.Build.0 = Debug|Any CPU
		{09E79197-DFFC-4788-8756-79831DD30A1C}.Release|Any CPU.ActiveCfg = Release|Any CPU
		{09E79197-DFFC-4788-8756-79831DD30A1C}.Release|Any CPU.Build.0 = Release|Any CPU
		{09E79197-DFFC-4788-8756-79831DD30A1C}.Release|x64.ActiveCfg = Release|Any CPU
		{09E79197-DFFC-4788-8756-79831DD30A1C}.Release|x64.Build.0 = Release|Any CPU
		{09E79197-DFFC-4788-8756-79831DD30A1C}.Release|x86.ActiveCfg = Release|Any CPU
		{09E79197-DFFC-4788-8756-79831DD30A1C}.Release|x86.Build.0 = Release|Any CPU
		{B0FDF469-2829-4E62-9CC0-7C973000077D}.Debug|Any CPU.ActiveCfg = Debug|Any CPU
		{B0FDF469-2829-4E62-9CC0-7C973000077D}.Debug|Any CPU.Build.0 = Debug|Any CPU
		{B0FDF469-2829-4E62-9CC0-7C973000077D}.Debug|x64.ActiveCfg = Debug|Any CPU
		{B0FDF469-2829-4E62-9CC0-7C973000077D}.Debug|x64.Build.0 = Debug|Any CPU
		{B0FDF469-2829-4E62-9CC0-7C973000077D}.Debug|x86.ActiveCfg = Debug|Any CPU
		{B0FDF469-2829-4E62-9CC0-7C973000077D}.Debug|x86.Build.0 = Debug|Any CPU
		{B0FDF469-2829-4E62-9CC0-7C973000077D}.Release|Any CPU.ActiveCfg = Release|Any CPU
		{B0FDF469-2829-4E62-9CC0-7C973000077D}.Release|Any CPU.Build.0 = Release|Any CPU
		{B0FDF469-2829-4E62-9CC0-7C973000077D}.Release|x64.ActiveCfg = Release|Any CPU
		{B0FDF469-2829-4E62-9CC0-7C973000077D}.Release|x64.Build.0 = Release|Any CPU
		{B0FDF469-2829-4E62-9CC0-7C973000077D}.Release|x86.ActiveCfg = Release|Any CPU
		{B0FDF469-2829-4E62-9CC0-7C973000077D}.Release|x86.Build.0 = Release|Any CPU
		{A40A950F-B336-4BA3-81EC-92ECD41915C1}.Debug|Any CPU.ActiveCfg = Debug|Any CPU
		{A40A950F-B336-4BA3-81EC-92ECD41915C1}.Debug|Any CPU.Build.0 = Debug|Any CPU
		{A40A950F-B336-4BA3-81EC-92ECD41915C1}.Debug|x64.ActiveCfg = Debug|Any CPU
		{A40A950F-B336-4BA3-81EC-92ECD41915C1}.Debug|x64.Build.0 = Debug|Any CPU
		{A40A950F-B336-4BA3-81EC-92ECD41915C1}.Debug|x86.ActiveCfg = Debug|Any CPU
		{A40A950F-B336-4BA3-81EC-92ECD41915C1}.Debug|x86.Build.0 = Debug|Any CPU
		{A40A950F-B336-4BA3-81EC-92ECD41915C1}.Release|Any CPU.ActiveCfg = Release|Any CPU
		{A40A950F-B336-4BA3-81EC-92ECD41915C1}.Release|Any CPU.Build.0 = Release|Any CPU
		{A40A950F-B336-4BA3-81EC-92ECD41915C1}.Release|x64.ActiveCfg = Release|Any CPU
		{A40A950F-B336-4BA3-81EC-92ECD41915C1}.Release|x64.Build.0 = Release|Any CPU
		{A40A950F-B336-4BA3-81EC-92ECD41915C1}.Release|x86.ActiveCfg = Release|Any CPU
		{A40A950F-B336-4BA3-81EC-92ECD41915C1}.Release|x86.Build.0 = Release|Any CPU
		{FAA574CA-725D-47A3-A16F-BB7A57B9777D}.Debug|Any CPU.ActiveCfg = Debug|Any CPU
		{FAA574CA-725D-47A3-A16F-BB7A57B9777D}.Debug|Any CPU.Build.0 = Debug|Any CPU
		{FAA574CA-725D-47A3-A16F-BB7A57B9777D}.Debug|x64.ActiveCfg = Debug|Any CPU
		{FAA574CA-725D-47A3-A16F-BB7A57B9777D}.Debug|x64.Build.0 = Debug|Any CPU
		{FAA574CA-725D-47A3-A16F-BB7A57B9777D}.Debug|x86.ActiveCfg = Debug|Any CPU
		{FAA574CA-725D-47A3-A16F-BB7A57B9777D}.Debug|x86.Build.0 = Debug|Any CPU
		{FAA574CA-725D-47A3-A16F-BB7A57B9777D}.Release|Any CPU.ActiveCfg = Release|Any CPU
		{FAA574CA-725D-47A3-A16F-BB7A57B9777D}.Release|Any CPU.Build.0 = Release|Any CPU
		{FAA574CA-725D-47A3-A16F-BB7A57B9777D}.Release|x64.ActiveCfg = Release|Any CPU
		{FAA574CA-725D-47A3-A16F-BB7A57B9777D}.Release|x64.Build.0 = Release|Any CPU
		{FAA574CA-725D-47A3-A16F-BB7A57B9777D}.Release|x86.ActiveCfg = Release|Any CPU
		{FAA574CA-725D-47A3-A16F-BB7A57B9777D}.Release|x86.Build.0 = Release|Any CPU
		{75773DD7-B0D3-4717-A329-80FED74D9542}.Debug|Any CPU.ActiveCfg = Debug|Any CPU
		{75773DD7-B0D3-4717-A329-80FED74D9542}.Debug|Any CPU.Build.0 = Debug|Any CPU
		{75773DD7-B0D3-4717-A329-80FED74D9542}.Debug|x64.ActiveCfg = Debug|Any CPU
		{75773DD7-B0D3-4717-A329-80FED74D9542}.Debug|x64.Build.0 = Debug|Any CPU
		{75773DD7-B0D3-4717-A329-80FED74D9542}.Debug|x86.ActiveCfg = Debug|Any CPU
		{75773DD7-B0D3-4717-A329-80FED74D9542}.Debug|x86.Build.0 = Debug|Any CPU
		{75773DD7-B0D3-4717-A329-80FED74D9542}.Release|Any CPU.ActiveCfg = Release|Any CPU
		{75773DD7-B0D3-4717-A329-80FED74D9542}.Release|Any CPU.Build.0 = Release|Any CPU
		{75773DD7-B0D3-4717-A329-80FED74D9542}.Release|x64.ActiveCfg = Release|Any CPU
		{75773DD7-B0D3-4717-A329-80FED74D9542}.Release|x64.Build.0 = Release|Any CPU
		{75773DD7-B0D3-4717-A329-80FED74D9542}.Release|x86.ActiveCfg = Release|Any CPU
		{75773DD7-B0D3-4717-A329-80FED74D9542}.Release|x86.Build.0 = Release|Any CPU
		{CE94EADE-9BF1-4856-85EA-8FBEF66626E8}.Debug|Any CPU.ActiveCfg = Debug|Any CPU
		{CE94EADE-9BF1-4856-85EA-8FBEF66626E8}.Debug|Any CPU.Build.0 = Debug|Any CPU
		{CE94EADE-9BF1-4856-85EA-8FBEF66626E8}.Debug|x64.ActiveCfg = Debug|Any CPU
		{CE94EADE-9BF1-4856-85EA-8FBEF66626E8}.Debug|x64.Build.0 = Debug|Any CPU
		{CE94EADE-9BF1-4856-85EA-8FBEF66626E8}.Debug|x86.ActiveCfg = Debug|Any CPU
		{CE94EADE-9BF1-4856-85EA-8FBEF66626E8}.Debug|x86.Build.0 = Debug|Any CPU
		{CE94EADE-9BF1-4856-85EA-8FBEF66626E8}.Release|Any CPU.ActiveCfg = Release|Any CPU
		{CE94EADE-9BF1-4856-85EA-8FBEF66626E8}.Release|Any CPU.Build.0 = Release|Any CPU
		{CE94EADE-9BF1-4856-85EA-8FBEF66626E8}.Release|x64.ActiveCfg = Release|Any CPU
		{CE94EADE-9BF1-4856-85EA-8FBEF66626E8}.Release|x64.Build.0 = Release|Any CPU
		{CE94EADE-9BF1-4856-85EA-8FBEF66626E8}.Release|x86.ActiveCfg = Release|Any CPU
		{CE94EADE-9BF1-4856-85EA-8FBEF66626E8}.Release|x86.Build.0 = Release|Any CPU
		{90B392D2-861F-4EB7-BCEE-D570919BBCEE}.Debug|Any CPU.ActiveCfg = Debug|Any CPU
		{90B392D2-861F-4EB7-BCEE-D570919BBCEE}.Debug|Any CPU.Build.0 = Debug|Any CPU
		{90B392D2-861F-4EB7-BCEE-D570919BBCEE}.Debug|x64.ActiveCfg = Debug|Any CPU
		{90B392D2-861F-4EB7-BCEE-D570919BBCEE}.Debug|x64.Build.0 = Debug|Any CPU
		{90B392D2-861F-4EB7-BCEE-D570919BBCEE}.Debug|x86.ActiveCfg = Debug|Any CPU
		{90B392D2-861F-4EB7-BCEE-D570919BBCEE}.Debug|x86.Build.0 = Debug|Any CPU
		{90B392D2-861F-4EB7-BCEE-D570919BBCEE}.Release|Any CPU.ActiveCfg = Release|Any CPU
		{90B392D2-861F-4EB7-BCEE-D570919BBCEE}.Release|Any CPU.Build.0 = Release|Any CPU
		{90B392D2-861F-4EB7-BCEE-D570919BBCEE}.Release|x64.ActiveCfg = Release|Any CPU
		{90B392D2-861F-4EB7-BCEE-D570919BBCEE}.Release|x64.Build.0 = Release|Any CPU
		{90B392D2-861F-4EB7-BCEE-D570919BBCEE}.Release|x86.ActiveCfg = Release|Any CPU
		{90B392D2-861F-4EB7-BCEE-D570919BBCEE}.Release|x86.Build.0 = Release|Any CPU
		{904571FA-A192-467E-A74A-F1F6C9AAECAE}.Debug|Any CPU.ActiveCfg = Debug|Any CPU
		{904571FA-A192-467E-A74A-F1F6C9AAECAE}.Debug|Any CPU.Build.0 = Debug|Any CPU
		{904571FA-A192-467E-A74A-F1F6C9AAECAE}.Debug|x64.ActiveCfg = Debug|Any CPU
		{904571FA-A192-467E-A74A-F1F6C9AAECAE}.Debug|x64.Build.0 = Debug|Any CPU
		{904571FA-A192-467E-A74A-F1F6C9AAECAE}.Debug|x86.ActiveCfg = Debug|Any CPU
		{904571FA-A192-467E-A74A-F1F6C9AAECAE}.Debug|x86.Build.0 = Debug|Any CPU
		{904571FA-A192-467E-A74A-F1F6C9AAECAE}.Release|Any CPU.ActiveCfg = Release|Any CPU
		{904571FA-A192-467E-A74A-F1F6C9AAECAE}.Release|Any CPU.Build.0 = Release|Any CPU
		{904571FA-A192-467E-A74A-F1F6C9AAECAE}.Release|x64.ActiveCfg = Release|Any CPU
		{904571FA-A192-467E-A74A-F1F6C9AAECAE}.Release|x64.Build.0 = Release|Any CPU
		{904571FA-A192-467E-A74A-F1F6C9AAECAE}.Release|x86.ActiveCfg = Release|Any CPU
		{904571FA-A192-467E-A74A-F1F6C9AAECAE}.Release|x86.Build.0 = Release|Any CPU
		{BA0C1EC7-B20B-4DBE-892D-CCC05CD8D91E}.Debug|Any CPU.ActiveCfg = Debug|Any CPU
		{BA0C1EC7-B20B-4DBE-892D-CCC05CD8D91E}.Debug|Any CPU.Build.0 = Debug|Any CPU
		{BA0C1EC7-B20B-4DBE-892D-CCC05CD8D91E}.Debug|x64.ActiveCfg = Debug|Any CPU
		{BA0C1EC7-B20B-4DBE-892D-CCC05CD8D91E}.Debug|x64.Build.0 = Debug|Any CPU
		{BA0C1EC7-B20B-4DBE-892D-CCC05CD8D91E}.Debug|x86.ActiveCfg = Debug|Any CPU
		{BA0C1EC7-B20B-4DBE-892D-CCC05CD8D91E}.Debug|x86.Build.0 = Debug|Any CPU
		{BA0C1EC7-B20B-4DBE-892D-CCC05CD8D91E}.Release|Any CPU.ActiveCfg = Release|Any CPU
		{BA0C1EC7-B20B-4DBE-892D-CCC05CD8D91E}.Release|Any CPU.Build.0 = Release|Any CPU
		{BA0C1EC7-B20B-4DBE-892D-CCC05CD8D91E}.Release|x64.ActiveCfg = Release|Any CPU
		{BA0C1EC7-B20B-4DBE-892D-CCC05CD8D91E}.Release|x64.Build.0 = Release|Any CPU
		{BA0C1EC7-B20B-4DBE-892D-CCC05CD8D91E}.Release|x86.ActiveCfg = Release|Any CPU
		{BA0C1EC7-B20B-4DBE-892D-CCC05CD8D91E}.Release|x86.Build.0 = Release|Any CPU
		{3F8D8F2E-5076-45A1-A584-B4CBC5AFC687}.Debug|Any CPU.ActiveCfg = Debug|Any CPU
		{3F8D8F2E-5076-45A1-A584-B4CBC5AFC687}.Debug|Any CPU.Build.0 = Debug|Any CPU
		{3F8D8F2E-5076-45A1-A584-B4CBC5AFC687}.Debug|x64.ActiveCfg = Debug|Any CPU
		{3F8D8F2E-5076-45A1-A584-B4CBC5AFC687}.Debug|x64.Build.0 = Debug|Any CPU
		{3F8D8F2E-5076-45A1-A584-B4CBC5AFC687}.Debug|x86.ActiveCfg = Debug|Any CPU
		{3F8D8F2E-5076-45A1-A584-B4CBC5AFC687}.Debug|x86.Build.0 = Debug|Any CPU
		{3F8D8F2E-5076-45A1-A584-B4CBC5AFC687}.Release|Any CPU.ActiveCfg = Release|Any CPU
		{3F8D8F2E-5076-45A1-A584-B4CBC5AFC687}.Release|Any CPU.Build.0 = Release|Any CPU
		{3F8D8F2E-5076-45A1-A584-B4CBC5AFC687}.Release|x64.ActiveCfg = Release|Any CPU
		{3F8D8F2E-5076-45A1-A584-B4CBC5AFC687}.Release|x64.Build.0 = Release|Any CPU
		{3F8D8F2E-5076-45A1-A584-B4CBC5AFC687}.Release|x86.ActiveCfg = Release|Any CPU
		{3F8D8F2E-5076-45A1-A584-B4CBC5AFC687}.Release|x86.Build.0 = Release|Any CPU
		{EAE0E503-449D-49FE-88D6-A17909CE1D41}.Debug|Any CPU.ActiveCfg = Debug|Any CPU
		{EAE0E503-449D-49FE-88D6-A17909CE1D41}.Debug|Any CPU.Build.0 = Debug|Any CPU
		{EAE0E503-449D-49FE-88D6-A17909CE1D41}.Debug|x64.ActiveCfg = Debug|Any CPU
		{EAE0E503-449D-49FE-88D6-A17909CE1D41}.Debug|x64.Build.0 = Debug|Any CPU
		{EAE0E503-449D-49FE-88D6-A17909CE1D41}.Debug|x86.ActiveCfg = Debug|Any CPU
		{EAE0E503-449D-49FE-88D6-A17909CE1D41}.Debug|x86.Build.0 = Debug|Any CPU
		{EAE0E503-449D-49FE-88D6-A17909CE1D41}.Release|Any CPU.ActiveCfg = Release|Any CPU
		{EAE0E503-449D-49FE-88D6-A17909CE1D41}.Release|Any CPU.Build.0 = Release|Any CPU
		{EAE0E503-449D-49FE-88D6-A17909CE1D41}.Release|x64.ActiveCfg = Release|Any CPU
		{EAE0E503-449D-49FE-88D6-A17909CE1D41}.Release|x64.Build.0 = Release|Any CPU
		{EAE0E503-449D-49FE-88D6-A17909CE1D41}.Release|x86.ActiveCfg = Release|Any CPU
		{EAE0E503-449D-49FE-88D6-A17909CE1D41}.Release|x86.Build.0 = Release|Any CPU
		{1CE35BDE-8681-45CF-B748-5F4163BA8BC5}.Debug|Any CPU.ActiveCfg = Debug|Any CPU
		{1CE35BDE-8681-45CF-B748-5F4163BA8BC5}.Debug|Any CPU.Build.0 = Debug|Any CPU
		{1CE35BDE-8681-45CF-B748-5F4163BA8BC5}.Debug|x64.ActiveCfg = Debug|Any CPU
		{1CE35BDE-8681-45CF-B748-5F4163BA8BC5}.Debug|x64.Build.0 = Debug|Any CPU
		{1CE35BDE-8681-45CF-B748-5F4163BA8BC5}.Debug|x86.ActiveCfg = Debug|Any CPU
		{1CE35BDE-8681-45CF-B748-5F4163BA8BC5}.Debug|x86.Build.0 = Debug|Any CPU
		{1CE35BDE-8681-45CF-B748-5F4163BA8BC5}.Release|Any CPU.ActiveCfg = Release|Any CPU
		{1CE35BDE-8681-45CF-B748-5F4163BA8BC5}.Release|Any CPU.Build.0 = Release|Any CPU
		{1CE35BDE-8681-45CF-B748-5F4163BA8BC5}.Release|x64.ActiveCfg = Release|Any CPU
		{1CE35BDE-8681-45CF-B748-5F4163BA8BC5}.Release|x64.Build.0 = Release|Any CPU
		{1CE35BDE-8681-45CF-B748-5F4163BA8BC5}.Release|x86.ActiveCfg = Release|Any CPU
		{1CE35BDE-8681-45CF-B748-5F4163BA8BC5}.Release|x86.Build.0 = Release|Any CPU
		{CEE8A1EF-14AE-44C4-9F51-B12203052315}.Debug|Any CPU.ActiveCfg = Debug|Any CPU
		{CEE8A1EF-14AE-44C4-9F51-B12203052315}.Debug|Any CPU.Build.0 = Debug|Any CPU
		{CEE8A1EF-14AE-44C4-9F51-B12203052315}.Debug|x64.ActiveCfg = Debug|Any CPU
		{CEE8A1EF-14AE-44C4-9F51-B12203052315}.Debug|x64.Build.0 = Debug|Any CPU
		{CEE8A1EF-14AE-44C4-9F51-B12203052315}.Debug|x86.ActiveCfg = Debug|Any CPU
		{CEE8A1EF-14AE-44C4-9F51-B12203052315}.Debug|x86.Build.0 = Debug|Any CPU
		{CEE8A1EF-14AE-44C4-9F51-B12203052315}.Release|Any CPU.ActiveCfg = Release|Any CPU
		{CEE8A1EF-14AE-44C4-9F51-B12203052315}.Release|Any CPU.Build.0 = Release|Any CPU
		{CEE8A1EF-14AE-44C4-9F51-B12203052315}.Release|x64.ActiveCfg = Release|Any CPU
		{CEE8A1EF-14AE-44C4-9F51-B12203052315}.Release|x64.Build.0 = Release|Any CPU
		{CEE8A1EF-14AE-44C4-9F51-B12203052315}.Release|x86.ActiveCfg = Release|Any CPU
		{CEE8A1EF-14AE-44C4-9F51-B12203052315}.Release|x86.Build.0 = Release|Any CPU
		{53D27825-44C8-4A17-9ED1-C07F48DD7205}.Debug|Any CPU.ActiveCfg = Debug|Any CPU
		{53D27825-44C8-4A17-9ED1-C07F48DD7205}.Debug|Any CPU.Build.0 = Debug|Any CPU
		{53D27825-44C8-4A17-9ED1-C07F48DD7205}.Debug|x64.ActiveCfg = Debug|Any CPU
		{53D27825-44C8-4A17-9ED1-C07F48DD7205}.Debug|x64.Build.0 = Debug|Any CPU
		{53D27825-44C8-4A17-9ED1-C07F48DD7205}.Debug|x86.ActiveCfg = Debug|Any CPU
		{53D27825-44C8-4A17-9ED1-C07F48DD7205}.Debug|x86.Build.0 = Debug|Any CPU
		{53D27825-44C8-4A17-9ED1-C07F48DD7205}.Release|Any CPU.ActiveCfg = Release|Any CPU
		{53D27825-44C8-4A17-9ED1-C07F48DD7205}.Release|Any CPU.Build.0 = Release|Any CPU
		{53D27825-44C8-4A17-9ED1-C07F48DD7205}.Release|x64.ActiveCfg = Release|Any CPU
		{53D27825-44C8-4A17-9ED1-C07F48DD7205}.Release|x64.Build.0 = Release|Any CPU
		{53D27825-44C8-4A17-9ED1-C07F48DD7205}.Release|x86.ActiveCfg = Release|Any CPU
		{53D27825-44C8-4A17-9ED1-C07F48DD7205}.Release|x86.Build.0 = Release|Any CPU
	EndGlobalSection
	GlobalSection(SolutionProperties) = preSolution
		HideSolutionNode = FALSE
	EndGlobalSection
	GlobalSection(NestedProjects) = preSolution
		{62A6D185-49C1-47E1-A4DA-993052B668E4} = {E36DF945-FCDE-4D35-B071-F2DDEDBFADB0}
		{A496328B-15E5-443C-9A80-24899D9AC65D} = {E36DF945-FCDE-4D35-B071-F2DDEDBFADB0}
		{F25B9458-D25A-4A6C-9801-C0E8CD346D55} = {E36DF945-FCDE-4D35-B071-F2DDEDBFADB0}
		{1BEAE47E-B907-488E-BC9B-E5AC7E4196D6} = {52BA5A1C-D934-418B-9FDE-6FC1BC20E93D}
		{5AF1DEF0-D750-4468-B87C-28DB62AD9D60} = {1BEAE47E-B907-488E-BC9B-E5AC7E4196D6}
		{D612D05C-B3E4-4BE2-A711-2684883C2E4B} = {1BEAE47E-B907-488E-BC9B-E5AC7E4196D6}
		{191443C0-E4E9-4208-8AFD-D5A8AC144180} = {1BEAE47E-B907-488E-BC9B-E5AC7E4196D6}
		{62DE38A8-F4BA-4003-A78C-D1B36B7973EF} = {52BA5A1C-D934-418B-9FDE-6FC1BC20E93D}
		{45B18E95-EB7F-48DA-AF46-CC5AD12D7E75} = {62DE38A8-F4BA-4003-A78C-D1B36B7973EF}
		{DFF05083-09B4-4894-A7D2-DD23AD1ECDC9} = {62DE38A8-F4BA-4003-A78C-D1B36B7973EF}
		{5DC621BC-D1E7-4034-9297-EA2DA23EA208} = {62DE38A8-F4BA-4003-A78C-D1B36B7973EF}
		{09E79197-DFFC-4788-8756-79831DD30A1C} = {1BEAE47E-B907-488E-BC9B-E5AC7E4196D6}
		{B0FDF469-2829-4E62-9CC0-7C973000077D} = {2BE15209-A9D0-463B-A1EF-0FA4E78056A0}
		{7B59F877-F943-428D-816E-463A6395D9CD} = {52BA5A1C-D934-418B-9FDE-6FC1BC20E93D}
		{A40A950F-B336-4BA3-81EC-92ECD41915C1} = {7B59F877-F943-428D-816E-463A6395D9CD}
		{FAA574CA-725D-47A3-A16F-BB7A57B9777D} = {7B59F877-F943-428D-816E-463A6395D9CD}
		{75773DD7-B0D3-4717-A329-80FED74D9542} = {7B59F877-F943-428D-816E-463A6395D9CD}
		{CE94EADE-9BF1-4856-85EA-8FBEF66626E8} = {7B59F877-F943-428D-816E-463A6395D9CD}
		{1E065F77-2DB9-4870-AF45-D0263A189EF8} = {52BA5A1C-D934-418B-9FDE-6FC1BC20E93D}
		{90B392D2-861F-4EB7-BCEE-D570919BBCEE} = {1E065F77-2DB9-4870-AF45-D0263A189EF8}
		{904571FA-A192-467E-A74A-F1F6C9AAECAE} = {1E065F77-2DB9-4870-AF45-D0263A189EF8}
		{BA0C1EC7-B20B-4DBE-892D-CCC05CD8D91E} = {1E065F77-2DB9-4870-AF45-D0263A189EF8}
		{3F8D8F2E-5076-45A1-A584-B4CBC5AFC687} = {1E065F77-2DB9-4870-AF45-D0263A189EF8}
		{9EB09F04-84CF-48C3-AAB1-87D50CD175C2} = {52BA5A1C-D934-418B-9FDE-6FC1BC20E93D}
		{EAE0E503-449D-49FE-88D6-A17909CE1D41} = {9EB09F04-84CF-48C3-AAB1-87D50CD175C2}
		{1CE35BDE-8681-45CF-B748-5F4163BA8BC5} = {9EB09F04-84CF-48C3-AAB1-87D50CD175C2}
		{CEE8A1EF-14AE-44C4-9F51-B12203052315} = {9EB09F04-84CF-48C3-AAB1-87D50CD175C2}
		{53D27825-44C8-4A17-9ED1-C07F48DD7205} = {9EB09F04-84CF-48C3-AAB1-87D50CD175C2}
	EndGlobalSection
	GlobalSection(ExtensibilityGlobals) = postSolution
		SolutionGuid = {BA6EA9F4-0123-4D41-9EA6-C8A9DA2BCA00}
	EndGlobalSection
EndGlobal
