
Microsoft Visual Studio Solution File, Format Version 12.00
# Visual Studio Version 16
VisualStudioVersion = 16.0.30114.105
MinimumVisualStudioVersion = 10.0.40219.1
Project("{FAE04EC0-301F-11D3-BF4B-00C04F79EFBC}") = "DNI.Modules.Core", "DNI.Modules.Core\DNI.Modules.Core.csproj", "{CDEC6BA0-DF53-41D9-BF07-49EAD30B790B}"
EndProject
Project("{FAE04EC0-301F-11D3-BF4B-00C04F79EFBC}") = "DNI.Modules.Shared", "DNI.Modules.Shared\DNI.Modules.Shared.csproj", "{9DF720AC-3174-490F-9F46-37DA117EF318}"
EndProject
Project("{FAE04EC0-301F-11D3-BF4B-00C04F79EFBC}") = "DNI.Modules.Extensions", "DNI.Modules.Extensions\DNI.Modules.Extensions.csproj", "{B51D82D7-DF50-46EF-85FB-5D499F45ADF1}"
EndProject
Project("{FAE04EC0-301F-11D3-BF4B-00C04F79EFBC}") = "DNI.Test.App", "DNI.Test.App\DNI.Test.App.csproj", "{96DED723-9E0A-4126-8987-A4F4EABA290B}"
EndProject
Project("{FAE04EC0-301F-11D3-BF4B-00C04F79EFBC}") = "DNI.Extensions", "DNI.Extensions\DNI.Extensions.csproj", "{B8702D16-56B3-4AD8-BAC0-88539BDB79F4}"
EndProject
Project("{FAE04EC0-301F-11D3-BF4B-00C04F79EFBC}") = "DNI.Modules.Web", "DNI.Modules.Web\DNI.Modules.Web.csproj", "{6688B269-FBB7-4F56-BB0E-C21F91147A8B}"
EndProject
Global
	GlobalSection(SolutionConfigurationPlatforms) = preSolution
		Debug|Any CPU = Debug|Any CPU
		Debug|x64 = Debug|x64
		Debug|x86 = Debug|x86
		Release|Any CPU = Release|Any CPU
		Release|x64 = Release|x64
		Release|x86 = Release|x86
	EndGlobalSection
	GlobalSection(SolutionProperties) = preSolution
		HideSolutionNode = FALSE
	EndGlobalSection
	GlobalSection(ProjectConfigurationPlatforms) = postSolution
		{CDEC6BA0-DF53-41D9-BF07-49EAD30B790B}.Debug|Any CPU.ActiveCfg = Debug|Any CPU
		{CDEC6BA0-DF53-41D9-BF07-49EAD30B790B}.Debug|Any CPU.Build.0 = Debug|Any CPU
		{CDEC6BA0-DF53-41D9-BF07-49EAD30B790B}.Debug|x64.ActiveCfg = Debug|Any CPU
		{CDEC6BA0-DF53-41D9-BF07-49EAD30B790B}.Debug|x64.Build.0 = Debug|Any CPU
		{CDEC6BA0-DF53-41D9-BF07-49EAD30B790B}.Debug|x86.ActiveCfg = Debug|Any CPU
		{CDEC6BA0-DF53-41D9-BF07-49EAD30B790B}.Debug|x86.Build.0 = Debug|Any CPU
		{CDEC6BA0-DF53-41D9-BF07-49EAD30B790B}.Release|Any CPU.ActiveCfg = Release|Any CPU
		{CDEC6BA0-DF53-41D9-BF07-49EAD30B790B}.Release|Any CPU.Build.0 = Release|Any CPU
		{CDEC6BA0-DF53-41D9-BF07-49EAD30B790B}.Release|x64.ActiveCfg = Release|Any CPU
		{CDEC6BA0-DF53-41D9-BF07-49EAD30B790B}.Release|x64.Build.0 = Release|Any CPU
		{CDEC6BA0-DF53-41D9-BF07-49EAD30B790B}.Release|x86.ActiveCfg = Release|Any CPU
		{CDEC6BA0-DF53-41D9-BF07-49EAD30B790B}.Release|x86.Build.0 = Release|Any CPU
		{9DF720AC-3174-490F-9F46-37DA117EF318}.Debug|Any CPU.ActiveCfg = Debug|Any CPU
		{9DF720AC-3174-490F-9F46-37DA117EF318}.Debug|Any CPU.Build.0 = Debug|Any CPU
		{9DF720AC-3174-490F-9F46-37DA117EF318}.Debug|x64.ActiveCfg = Debug|Any CPU
		{9DF720AC-3174-490F-9F46-37DA117EF318}.Debug|x64.Build.0 = Debug|Any CPU
		{9DF720AC-3174-490F-9F46-37DA117EF318}.Debug|x86.ActiveCfg = Debug|Any CPU
		{9DF720AC-3174-490F-9F46-37DA117EF318}.Debug|x86.Build.0 = Debug|Any CPU
		{9DF720AC-3174-490F-9F46-37DA117EF318}.Release|Any CPU.ActiveCfg = Release|Any CPU
		{9DF720AC-3174-490F-9F46-37DA117EF318}.Release|Any CPU.Build.0 = Release|Any CPU
		{9DF720AC-3174-490F-9F46-37DA117EF318}.Release|x64.ActiveCfg = Release|Any CPU
		{9DF720AC-3174-490F-9F46-37DA117EF318}.Release|x64.Build.0 = Release|Any CPU
		{9DF720AC-3174-490F-9F46-37DA117EF318}.Release|x86.ActiveCfg = Release|Any CPU
		{9DF720AC-3174-490F-9F46-37DA117EF318}.Release|x86.Build.0 = Release|Any CPU
		{B51D82D7-DF50-46EF-85FB-5D499F45ADF1}.Debug|Any CPU.ActiveCfg = Debug|Any CPU
		{B51D82D7-DF50-46EF-85FB-5D499F45ADF1}.Debug|Any CPU.Build.0 = Debug|Any CPU
		{B51D82D7-DF50-46EF-85FB-5D499F45ADF1}.Debug|x64.ActiveCfg = Debug|Any CPU
		{B51D82D7-DF50-46EF-85FB-5D499F45ADF1}.Debug|x64.Build.0 = Debug|Any CPU
		{B51D82D7-DF50-46EF-85FB-5D499F45ADF1}.Debug|x86.ActiveCfg = Debug|Any CPU
		{B51D82D7-DF50-46EF-85FB-5D499F45ADF1}.Debug|x86.Build.0 = Debug|Any CPU
		{B51D82D7-DF50-46EF-85FB-5D499F45ADF1}.Release|Any CPU.ActiveCfg = Release|Any CPU
		{B51D82D7-DF50-46EF-85FB-5D499F45ADF1}.Release|Any CPU.Build.0 = Release|Any CPU
		{B51D82D7-DF50-46EF-85FB-5D499F45ADF1}.Release|x64.ActiveCfg = Release|Any CPU
		{B51D82D7-DF50-46EF-85FB-5D499F45ADF1}.Release|x64.Build.0 = Release|Any CPU
		{B51D82D7-DF50-46EF-85FB-5D499F45ADF1}.Release|x86.ActiveCfg = Release|Any CPU
		{B51D82D7-DF50-46EF-85FB-5D499F45ADF1}.Release|x86.Build.0 = Release|Any CPU
		{96DED723-9E0A-4126-8987-A4F4EABA290B}.Debug|Any CPU.ActiveCfg = Debug|Any CPU
		{96DED723-9E0A-4126-8987-A4F4EABA290B}.Debug|Any CPU.Build.0 = Debug|Any CPU
		{96DED723-9E0A-4126-8987-A4F4EABA290B}.Debug|x64.ActiveCfg = Debug|Any CPU
		{96DED723-9E0A-4126-8987-A4F4EABA290B}.Debug|x64.Build.0 = Debug|Any CPU
		{96DED723-9E0A-4126-8987-A4F4EABA290B}.Debug|x86.ActiveCfg = Debug|Any CPU
		{96DED723-9E0A-4126-8987-A4F4EABA290B}.Debug|x86.Build.0 = Debug|Any CPU
		{96DED723-9E0A-4126-8987-A4F4EABA290B}.Release|Any CPU.ActiveCfg = Release|Any CPU
		{96DED723-9E0A-4126-8987-A4F4EABA290B}.Release|Any CPU.Build.0 = Release|Any CPU
		{96DED723-9E0A-4126-8987-A4F4EABA290B}.Release|x64.ActiveCfg = Release|Any CPU
		{96DED723-9E0A-4126-8987-A4F4EABA290B}.Release|x64.Build.0 = Release|Any CPU
		{96DED723-9E0A-4126-8987-A4F4EABA290B}.Release|x86.ActiveCfg = Release|Any CPU
		{96DED723-9E0A-4126-8987-A4F4EABA290B}.Release|x86.Build.0 = Release|Any CPU
		{B8702D16-56B3-4AD8-BAC0-88539BDB79F4}.Debug|Any CPU.ActiveCfg = Debug|Any CPU
		{B8702D16-56B3-4AD8-BAC0-88539BDB79F4}.Debug|Any CPU.Build.0 = Debug|Any CPU
		{B8702D16-56B3-4AD8-BAC0-88539BDB79F4}.Debug|x64.ActiveCfg = Debug|Any CPU
		{B8702D16-56B3-4AD8-BAC0-88539BDB79F4}.Debug|x64.Build.0 = Debug|Any CPU
		{B8702D16-56B3-4AD8-BAC0-88539BDB79F4}.Debug|x86.ActiveCfg = Debug|Any CPU
		{B8702D16-56B3-4AD8-BAC0-88539BDB79F4}.Debug|x86.Build.0 = Debug|Any CPU
		{B8702D16-56B3-4AD8-BAC0-88539BDB79F4}.Release|Any CPU.ActiveCfg = Release|Any CPU
		{B8702D16-56B3-4AD8-BAC0-88539BDB79F4}.Release|Any CPU.Build.0 = Release|Any CPU
		{B8702D16-56B3-4AD8-BAC0-88539BDB79F4}.Release|x64.ActiveCfg = Release|Any CPU
		{B8702D16-56B3-4AD8-BAC0-88539BDB79F4}.Release|x64.Build.0 = Release|Any CPU
		{B8702D16-56B3-4AD8-BAC0-88539BDB79F4}.Release|x86.ActiveCfg = Release|Any CPU
		{B8702D16-56B3-4AD8-BAC0-88539BDB79F4}.Release|x86.Build.0 = Release|Any CPU
		{6688B269-FBB7-4F56-BB0E-C21F91147A8B}.Debug|Any CPU.ActiveCfg = Debug|Any CPU
		{6688B269-FBB7-4F56-BB0E-C21F91147A8B}.Debug|Any CPU.Build.0 = Debug|Any CPU
		{6688B269-FBB7-4F56-BB0E-C21F91147A8B}.Debug|x64.ActiveCfg = Debug|Any CPU
		{6688B269-FBB7-4F56-BB0E-C21F91147A8B}.Debug|x64.Build.0 = Debug|Any CPU
		{6688B269-FBB7-4F56-BB0E-C21F91147A8B}.Debug|x86.ActiveCfg = Debug|Any CPU
		{6688B269-FBB7-4F56-BB0E-C21F91147A8B}.Debug|x86.Build.0 = Debug|Any CPU
		{6688B269-FBB7-4F56-BB0E-C21F91147A8B}.Release|Any CPU.ActiveCfg = Release|Any CPU
		{6688B269-FBB7-4F56-BB0E-C21F91147A8B}.Release|Any CPU.Build.0 = Release|Any CPU
		{6688B269-FBB7-4F56-BB0E-C21F91147A8B}.Release|x64.ActiveCfg = Release|Any CPU
		{6688B269-FBB7-4F56-BB0E-C21F91147A8B}.Release|x64.Build.0 = Release|Any CPU
		{6688B269-FBB7-4F56-BB0E-C21F91147A8B}.Release|x86.ActiveCfg = Release|Any CPU
		{6688B269-FBB7-4F56-BB0E-C21F91147A8B}.Release|x86.Build.0 = Release|Any CPU
	EndGlobalSection
EndGlobal
